{
  "version": 4,
  "terraform_version": "0.14.9",
  "serial": 6,
  "lineage": "41d3fe60-3921-1e69-133d-398643c89bdf",
  "outputs": {},
  "resources": [
    {
      "module": "module.COMPUTE",
      "mode": "managed",
      "type": "google_compute_instance",
      "name": "vm_instance",
      "provider": "module.COMPUTE.provider[\"registry.terraform.io/hashicorp/google\"]",
      "instances": [
        {
          "schema_version": 6,
          "attributes": {
            "allow_stopping_for_update": null,
            "attached_disk": [],
            "boot_disk": [
              {
                "auto_delete": true,
                "device_name": "persistent-disk-0",
                "disk_encryption_key_raw": "",
                "disk_encryption_key_sha256": "",
                "initialize_params": [
                  {
                    "image": "https://www.googleapis.com/compute/v1/projects/debian-cloud/global/images/debian-9-stretch-v20210316",
                    "labels": {},
                    "size": 10,
                    "type": "pd-standard"
                  }
                ],
                "kms_key_self_link": "",
                "mode": "READ_WRITE",
                "source": "https://www.googleapis.com/compute/v1/projects/innovation-ctt/zones/us-central1-a/disks/terraform-instance-satish"
              }
            ],
            "can_ip_forward": false,
            "cpu_platform": "Intel Haswell",
            "deletion_protection": false,
            "description": "",
            "enable_display": false,
            "guest_accelerator": [],
            "hostname": "",
            "id": "projects/innovation-ctt/zones/us-central1-a/instances/terraform-instance-satish",
            "instance_id": "2513177619416379987",
            "label_fingerprint": "42WmSpB8rSM=",
            "labels": {},
            "machine_type": "f1-micro",
            "metadata": {},
            "metadata_fingerprint": "vKCfHw_Nmic=",
            "metadata_startup_script": "",
            "min_cpu_platform": "",
            "name": "terraform-instance-satish",
            "network_interface": [
              {
                "access_config": [
                  {
                    "nat_ip": "34.69.74.80",
                    "network_tier": "PREMIUM",
                    "public_ptr_domain_name": ""
                  }
                ],
                "alias_ip_range": [],
                "name": "nic0",
                "network": "https://www.googleapis.com/compute/v1/projects/innovation-ctt/global/networks/terraform-network",
                "network_ip": "10.128.0.2",
                "subnetwork": "https://www.googleapis.com/compute/v1/projects/innovation-ctt/regions/us-central1/subnetworks/terraform-network",
                "subnetwork_project": "innovation-ctt"
              }
            ],
            "project": "innovation-ctt",
            "scheduling": [
              {
                "automatic_restart": true,
                "node_affinities": [],
                "on_host_maintenance": "MIGRATE",
                "preemptible": false
              }
            ],
            "scratch_disk": [],
            "self_link": "https://www.googleapis.com/compute/v1/projects/innovation-ctt/zones/us-central1-a/instances/terraform-instance-satish",
            "service_account": [],
            "shielded_instance_config": [],
            "tags": [],
            "tags_fingerprint": "42WmSpB8rSM=",
            "timeouts": null,
            "zone": "us-central1-a"
          },
          "sensitive_attributes": []
        }
      ]
    },
    {
      "module": "module.COMPUTE",
      "mode": "managed",
      "type": "google_compute_network",
      "name": "vpc_network",
      "provider": "module.COMPUTE.provider[\"registry.terraform.io/hashicorp/google\"]",
      "instances": [
        {
          "schema_version": 0,
          "attributes": {
            "auto_create_subnetworks": true,
            "delete_default_routes_on_create": false,
            "description": "",
            "gateway_ipv4": "",
            "id": "projects/innovation-ctt/global/networks/terraform-network",
            "ipv4_range": null,
            "name": "terraform-network",
            "project": "innovation-ctt",
            "routing_mode": "REGIONAL",
            "self_link": "https://www.googleapis.com/compute/v1/projects/innovation-ctt/global/networks/terraform-network",
            "timeouts": null
          },
          "sensitive_attributes": [],
          "private": "eyJlMmJmYjczMC1lY2FhLTExZTYtOGY4OC0zNDM2M2JjN2M0YzAiOnsiY3JlYXRlIjoyNDAwMDAwMDAwMDAsImRlbGV0ZSI6MjQwMDAwMDAwMDAwLCJ1cGRhdGUiOjI0MDAwMDAwMDAwMH19"
        }
      ]
    }
  ]
}
